
Microsoft Visual Studio Solution File, Format Version 12.00
# Visual Studio Version 17
VisualStudioVersion = 17.7.34018.315
MinimumVisualStudioVersion = 10.0.40219.1
Project("{FAE04EC0-301F-11D3-BF4B-00C04F79EFBC}") = "ConsoleApp1stust", "ConsoleApp1stust\ConsoleApp1stust.csproj", "{04AC4F87-F097-409A-855A-5ABE3EB16F6D}"
EndProject
Global
	GlobalSection(SolutionConfigurationPlatforms) = preSolution
		Debug|Any CPU = Debug|Any CPU
		Release|Any CPU = Release|Any CPU
	EndGlobalSection
	GlobalSection(ProjectConfigurationPlatforms) = postSolution
		{04AC4F87-F097-409A-855A-5ABE3EB16F6D}.Debug|Any CPU.ActiveCfg = Debug|Any CPU
		{04AC4F87-F097-409A-855A-5ABE3EB16F6D}.Debug|Any CPU.Build.0 = Debug|Any CPU
		{04AC4F87-F097-409A-855A-5ABE3EB16F6D}.Release|Any CPU.ActiveCfg = Release|Any CPU
		{04AC4F87-F097-409A-855A-5ABE3EB16F6D}.Release|Any CPU.Build.0 = Release|Any CPU
	EndGlobalSection
	GlobalSection(SolutionProperties) = preSolution
		HideSolutionNode = FALSE
	EndGlobalSection
	GlobalSection(ExtensibilityGlobals) = postSolution
		SolutionGuid = {7FDBA2D9-7A52-445B-B473-6A9F9F70854B}
	EndGlobalSection
EndGlobal
